
Microsoft Visual Studio Solution File, Format Version 12.00
# Visual Studio Version 17
VisualStudioVersion = 17.5.002.0
MinimumVisualStudioVersion = 10.0.40219.1
Project("{9A19103F-16F7-4668-BE54-9A1E7A4F7556}") = "imposto_cpf_ou_cnpj", "imposto_cpf_ou_cnpj.csproj", "{88F22777-CBAD-4896-B8DC-E380D6877059}"
EndProject
Global
	GlobalSection(SolutionConfigurationPlatforms) = preSolution
		Debug|Any CPU = Debug|Any CPU
		Release|Any CPU = Release|Any CPU
	EndGlobalSection
	GlobalSection(ProjectConfigurationPlatforms) = postSolution
		{88F22777-CBAD-4896-B8DC-E380D6877059}.Debug|Any CPU.ActiveCfg = Debug|Any CPU
		{88F22777-CBAD-4896-B8DC-E380D6877059}.Debug|Any CPU.Build.0 = Debug|Any CPU
		{88F22777-CBAD-4896-B8DC-E380D6877059}.Release|Any CPU.ActiveCfg = Release|Any CPU
		{88F22777-CBAD-4896-B8DC-E380D6877059}.Release|Any CPU.Build.0 = Release|Any CPU
	EndGlobalSection
	GlobalSection(SolutionProperties) = preSolution
		HideSolutionNode = FALSE
	EndGlobalSection
	GlobalSection(ExtensibilityGlobals) = postSolution
		SolutionGuid = {67FB7793-DB3A-4845-8113-0F937B183235}
	EndGlobalSection
EndGlobal
